{
  "requires": true,
  "lockfileVersion": 1,
  "dependencies": {
    "form-urlencoded": {
      "version": "1.2.0",
      "resolved": "https://registry.npmjs.org/form-urlencoded/-/form-urlencoded-1.2.0.tgz",
      "integrity": "sha1-Fs4sr6dtLki55ROrcjIorqWZM5Y="
    },
    "querystring": {
      "version": "0.2.0",
      "resolved": "https://registry.npmjs.org/querystring/-/querystring-0.2.0.tgz",
      "integrity": "sha1-sgmEkgO7Jd+CDadW50cAWHhSFiA="
    },
    "unsplash-js": {
      "version": "4.7.0",
      "resolved": "https://registry.npmjs.org/unsplash-js/-/unsplash-js-4.7.0.tgz",
      "integrity": "sha1-l1UovhKo9Vaj8+CT5N1bVTAKyF4=",
      "requires": {
        "form-urlencoded": "1.2.0",
        "querystring": "0.2.0"
      }
    }
  }
}
